// !$*UTF8*$!
{
	archiveVersion = 1;
	classes = {
	};
	objectVersion = 56;
	objects = {

/* Begin PBXBuildFile section */
		5636C80328D53D43002A64CA /* BatteryApp.swift in Sources */ = {isa = PBXBuildFile; fileRef = 5636C80228D53D43002A64CA /* BatteryApp.swift */; };
		5636C80528D53D43002A64CA /* ContentView.swift in Sources */ = {isa = PBXBuildFile; fileRef = 5636C80428D53D43002A64CA /* ContentView.swift */; };
		5636C80728D53D44002A64CA /* Assets.xcassets in Resources */ = {isa = PBXBuildFile; fileRef = 5636C80628D53D44002A64CA /* Assets.xcassets */; };
		5636C80A28D53D44002A64CA /* Preview Assets.xcassets in Resources */ = {isa = PBXBuildFile; fileRef = 5636C80928D53D44002A64CA /* Preview Assets.xcassets */; };
		5636C81728D53E4F002A64CA /* WidgetKit.framework in Frameworks */ = {isa = PBXBuildFile; fileRef = 5636C81628D53E4F002A64CA /* WidgetKit.framework */; };
		5636C81928D53E4F002A64CA /* SwiftUI.framework in Frameworks */ = {isa = PBXBuildFile; fileRef = 5636C81828D53E4F002A64CA /* SwiftUI.framework */; };
		5636C81C28D53E4F002A64CA /* BatteryWidget.swift in Sources */ = {isa = PBXBuildFile; fileRef = 5636C81B28D53E4F002A64CA /* BatteryWidget.swift */; };
		5636C81F28D53E51002A64CA /* Assets.xcassets in Resources */ = {isa = PBXBuildFile; fileRef = 5636C81E28D53E51002A64CA /* Assets.xcassets */; };
		5636C82128D53E51002A64CA /* BatteryWidget.intentdefinition in Sources */ = {isa = PBXBuildFile; fileRef = 5636C81D28D53E4F002A64CA /* BatteryWidget.intentdefinition */; };
		5636C82228D53E51002A64CA /* BatteryWidget.intentdefinition in Sources */ = {isa = PBXBuildFile; fileRef = 5636C81D28D53E4F002A64CA /* BatteryWidget.intentdefinition */; };
		5636C82528D53E51002A64CA /* BatteryWidgetExtension.appex in Embed Foundation Extensions */ = {isa = PBXBuildFile; fileRef = 5636C81428D53E4F002A64CA /* BatteryWidgetExtension.appex */; settings = {ATTRIBUTES = (RemoveHeadersOnCopy, ); }; };
		5658736A28D588EB000C9A83 /* WidgetView.swift in Sources */ = {isa = PBXBuildFile; fileRef = 5658736928D588EB000C9A83 /* WidgetView.swift */; };
		56B3A8BB28D5488E00996B89 /* RingProgressView.swift in Sources */ = {isa = PBXBuildFile; fileRef = 56B3A8BA28D5488E00996B89 /* RingProgressView.swift */; };
		56B3A8BD28D56A0900996B89 /* RingProgressView.swift in Sources */ = {isa = PBXBuildFile; fileRef = 56B3A8BA28D5488E00996B89 /* RingProgressView.swift */; };
/* End PBXBuildFile section */

/* Begin PBXContainerItemProxy section */
		5636C82328D53E51002A64CA /* PBXContainerItemProxy */ = {
			isa = PBXContainerItemProxy;
			containerPortal = 5636C7F728D53D43002A64CA /* Project object */;
			proxyType = 1;
			remoteGlobalIDString = 5636C81328D53E4F002A64CA;
			remoteInfo = BatteryWidgetExtension;
		};
/* End PBXContainerItemProxy section */

/* Begin PBXCopyFilesBuildPhase section */
		5636C82928D53E51002A64CA /* Embed Foundation Extensions */ = {
			isa = PBXCopyFilesBuildPhase;
			buildActionMask = 2147483647;
			dstPath = "";
			dstSubfolderSpec = 13;
			files = (
				5636C82528D53E51002A64CA /* BatteryWidgetExtension.appex in Embed Foundation Extensions */,
			);
			name = "Embed Foundation Extensions";
			runOnlyForDeploymentPostprocessing = 0;
		};
/* End PBXCopyFilesBuildPhase section */

/* Begin PBXFileReference section */
		5636C7FF28D53D43002A64CA /* Battery.app */ = {isa = PBXFileReference; explicitFileType = wrapper.application; includeInIndex = 0; path = Battery.app; sourceTree = BUILT_PRODUCTS_DIR; };
		5636C80228D53D43002A64CA /* BatteryApp.swift */ = {isa = PBXFileReference; lastKnownFileType = sourcecode.swift; path = BatteryApp.swift; sourceTree = "<group>"; };
		5636C80428D53D43002A64CA /* ContentView.swift */ = {isa = PBXFileReference; lastKnownFileType = sourcecode.swift; path = ContentView.swift; sourceTree = "<group>"; };
		5636C80628D53D44002A64CA /* Assets.xcassets */ = {isa = PBXFileReference; lastKnownFileType = folder.assetcatalog; path = Assets.xcassets; sourceTree = "<group>"; };
		5636C80928D53D44002A64CA /* Preview Assets.xcassets */ = {isa = PBXFileReference; lastKnownFileType = folder.assetcatalog; path = "Preview Assets.xcassets"; sourceTree = "<group>"; };
		5636C81428D53E4F002A64CA /* BatteryWidgetExtension.appex */ = {isa = PBXFileReference; explicitFileType = "wrapper.app-extension"; includeInIndex = 0; path = BatteryWidgetExtension.appex; sourceTree = BUILT_PRODUCTS_DIR; };
		5636C81628D53E4F002A64CA /* WidgetKit.framework */ = {isa = PBXFileReference; lastKnownFileType = wrapper.framework; name = WidgetKit.framework; path = System/Library/Frameworks/WidgetKit.framework; sourceTree = SDKROOT; };
		5636C81828D53E4F002A64CA /* SwiftUI.framework */ = {isa = PBXFileReference; lastKnownFileType = wrapper.framework; name = SwiftUI.framework; path = System/Library/Frameworks/SwiftUI.framework; sourceTree = SDKROOT; };
		5636C81B28D53E4F002A64CA /* BatteryWidget.swift */ = {isa = PBXFileReference; lastKnownFileType = sourcecode.swift; path = BatteryWidget.swift; sourceTree = "<group>"; };
		5636C81D28D53E4F002A64CA /* BatteryWidget.intentdefinition */ = {isa = PBXFileReference; lastKnownFileType = file.intentdefinition; path = BatteryWidget.intentdefinition; sourceTree = "<group>"; };
		5636C81E28D53E51002A64CA /* Assets.xcassets */ = {isa = PBXFileReference; lastKnownFileType = folder.assetcatalog; path = Assets.xcassets; sourceTree = "<group>"; };
		5636C82028D53E51002A64CA /* Info.plist */ = {isa = PBXFileReference; lastKnownFileType = text.plist.xml; path = Info.plist; sourceTree = "<group>"; };
		5658736928D588EB000C9A83 /* WidgetView.swift */ = {isa = PBXFileReference; lastKnownFileType = sourcecode.swift; path = WidgetView.swift; sourceTree = "<group>"; };
		56B3A8BA28D5488E00996B89 /* RingProgressView.swift */ = {isa = PBXFileReference; lastKnownFileType = sourcecode.swift; path = RingProgressView.swift; sourceTree = "<group>"; };
/* End PBXFileReference section */

/* Begin PBXFrameworksBuildPhase section */
		5636C7FC28D53D43002A64CA /* Frameworks */ = {
			isa = PBXFrameworksBuildPhase;
			buildActionMask = 2147483647;
			files = (
			);
			runOnlyForDeploymentPostprocessing = 0;
		};
		5636C81128D53E4F002A64CA /* Frameworks */ = {
			isa = PBXFrameworksBuildPhase;
			buildActionMask = 2147483647;
			files = (
				5636C81928D53E4F002A64CA /* SwiftUI.framework in Frameworks */,
				5636C81728D53E4F002A64CA /* WidgetKit.framework in Frameworks */,
			);
			runOnlyForDeploymentPostprocessing = 0;
		};
/* End PBXFrameworksBuildPhase section */

/* Begin PBXGroup section */
		5636C7F628D53D43002A64CA = {
			isa = PBXGroup;
			children = (
				5636C80128D53D43002A64CA /* Battery */,
				5636C81A28D53E4F002A64CA /* BatteryWidget */,
				5636C81528D53E4F002A64CA /* Frameworks */,
				5636C80028D53D43002A64CA /* Products */,
			);
			sourceTree = "<group>";
		};
		5636C80028D53D43002A64CA /* Products */ = {
			isa = PBXGroup;
			children = (
				5636C7FF28D53D43002A64CA /* Battery.app */,
				5636C81428D53E4F002A64CA /* BatteryWidgetExtension.appex */,
			);
			name = Products;
			sourceTree = "<group>";
		};
		5636C80128D53D43002A64CA /* Battery */ = {
			isa = PBXGroup;
			children = (
				5636C80228D53D43002A64CA /* BatteryApp.swift */,
				5636C80428D53D43002A64CA /* ContentView.swift */,
				56B3A8BA28D5488E00996B89 /* RingProgressView.swift */,
				5636C80628D53D44002A64CA /* Assets.xcassets */,
				5636C80828D53D44002A64CA /* Preview Content */,
			);
			path = Battery;
			sourceTree = "<group>";
		};
		5636C80828D53D44002A64CA /* Preview Content */ = {
			isa = PBXGroup;
			children = (
				5636C80928D53D44002A64CA /* Preview Assets.xcassets */,
			);
			path = "Preview Content";
			sourceTree = "<group>";
		};
		5636C81528D53E4F002A64CA /* Frameworks */ = {
			isa = PBXGroup;
			children = (
				5636C81628D53E4F002A64CA /* WidgetKit.framework */,
				5636C81828D53E4F002A64CA /* SwiftUI.framework */,
			);
			name = Frameworks;
			sourceTree = "<group>";
		};
		5636C81A28D53E4F002A64CA /* BatteryWidget */ = {
			isa = PBXGroup;
			children = (
				5636C81B28D53E4F002A64CA /* BatteryWidget.swift */,
				5658736928D588EB000C9A83 /* WidgetView.swift */,
				5636C81D28D53E4F002A64CA /* BatteryWidget.intentdefinition */,
				5636C81E28D53E51002A64CA /* Assets.xcassets */,
				5636C82028D53E51002A64CA /* Info.plist */,
			);
			path = BatteryWidget;
			sourceTree = "<group>";
		};
/* End PBXGroup section */

/* Begin PBXNativeTarget section */
		5636C7FE28D53D43002A64CA /* Battery */ = {
			isa = PBXNativeTarget;
			buildConfigurationList = 5636C80D28D53D44002A64CA /* Build configuration list for PBXNativeTarget "Battery" */;
			buildPhases = (
				5636C7FB28D53D43002A64CA /* Sources */,
				5636C7FC28D53D43002A64CA /* Frameworks */,
				5636C7FD28D53D43002A64CA /* Resources */,
				5636C82928D53E51002A64CA /* Embed Foundation Extensions */,
			);
			buildRules = (
			);
			dependencies = (
				5636C82428D53E51002A64CA /* PBXTargetDependency */,
			);
			name = Battery;
			productName = Battery;
			productReference = 5636C7FF28D53D43002A64CA /* Battery.app */;
			productType = "com.apple.product-type.application";
		};
		5636C81328D53E4F002A64CA /* BatteryWidgetExtension */ = {
			isa = PBXNativeTarget;
			buildConfigurationList = 5636C82628D53E51002A64CA /* Build configuration list for PBXNativeTarget "BatteryWidgetExtension" */;
			buildPhases = (
				5636C81028D53E4F002A64CA /* Sources */,
				5636C81128D53E4F002A64CA /* Frameworks */,
				5636C81228D53E4F002A64CA /* Resources */,
			);
			buildRules = (
			);
			dependencies = (
			);
			name = BatteryWidgetExtension;
			productName = BatteryWidgetExtension;
			productReference = 5636C81428D53E4F002A64CA /* BatteryWidgetExtension.appex */;
			productType = "com.apple.product-type.app-extension";
		};
/* End PBXNativeTarget section */

/* Begin PBXProject section */
		5636C7F728D53D43002A64CA /* Project object */ = {
			isa = PBXProject;
			attributes = {
				BuildIndependentTargetsInParallel = 1;
				LastSwiftUpdateCheck = 1400;
				LastUpgradeCheck = 1400;
				TargetAttributes = {
					5636C7FE28D53D43002A64CA = {
						CreatedOnToolsVersion = 14.0;
					};
					5636C81328D53E4F002A64CA = {
						CreatedOnToolsVersion = 14.0;
					};
				};
			};
			buildConfigurationList = 5636C7FA28D53D43002A64CA /* Build configuration list for PBXProject "Battery" */;
			compatibilityVersion = "Xcode 14.0";
			developmentRegion = en;
			hasScannedForEncodings = 0;
			knownRegions = (
				en,
				Base,
			);
			mainGroup = 5636C7F628D53D43002A64CA;
			productRefGroup = 5636C80028D53D43002A64CA /* Products */;
			projectDirPath = "";
			projectRoot = "";
			targets = (
				5636C7FE28D53D43002A64CA /* Battery */,
				5636C81328D53E4F002A64CA /* BatteryWidgetExtension */,
			);
		};
/* End PBXProject section */

/* Begin PBXResourcesBuildPhase section */
		5636C7FD28D53D43002A64CA /* Resources */ = {
			isa = PBXResourcesBuildPhase;
			buildActionMask = 2147483647;
			files = (
				5636C80A28D53D44002A64CA /* Preview Assets.xcassets in Resources */,
				5636C80728D53D44002A64CA /* Assets.xcassets in Resources */,
			);
			runOnlyForDeploymentPostprocessing = 0;
		};
		5636C81228D53E4F002A64CA /* Resources */ = {
			isa = PBXResourcesBuildPhase;
			buildActionMask = 2147483647;
			files = (
				5636C81F28D53E51002A64CA /* Assets.xcassets in Resources */,
			);
			runOnlyForDeploymentPostprocessing = 0;
		};
/* End PBXResourcesBuildPhase section */

/* Begin PBXSourcesBuildPhase section */
		5636C7FB28D53D43002A64CA /* Sources */ = {
			isa = PBXSourcesBuildPhase;
			buildActionMask = 2147483647;
			files = (
				5636C82228D53E51002A64CA /* BatteryWidget.intentdefinition in Sources */,
				56B3A8BB28D5488E00996B89 /* RingProgressView.swift in Sources */,
				5636C80528D53D43002A64CA /* ContentView.swift in Sources */,
				5636C80328D53D43002A64CA /* BatteryApp.swift in Sources */,
			);
			runOnlyForDeploymentPostprocessing = 0;
		};
		5636C81028D53E4F002A64CA /* Sources */ = {
			isa = PBXSourcesBuildPhase;
			buildActionMask = 2147483647;
			files = (
				5636C82128D53E51002A64CA /* BatteryWidget.intentdefinition in Sources */,
				56B3A8BD28D56A0900996B89 /* RingProgressView.swift in Sources */,
				5658736A28D588EB000C9A83 /* WidgetView.swift in Sources */,
				5636C81C28D53E4F002A64CA /* BatteryWidget.swift in Sources */,
			);
			runOnlyForDeploymentPostprocessing = 0;
		};
/* End PBXSourcesBuildPhase section */

/* Begin PBXTargetDependency section */
		5636C82428D53E51002A64CA /* PBXTargetDependency */ = {
			isa = PBXTargetDependency;
			target = 5636C81328D53E4F002A64CA /* BatteryWidgetExtension */;
			targetProxy = 5636C82328D53E51002A64CA /* PBXContainerItemProxy */;
		};
/* End PBXTargetDependency section */

/* Begin XCBuildConfiguration section */
		5636C80B28D53D44002A64CA /* Debug */ = {
			isa = XCBuildConfiguration;
			buildSettings = {
				ALWAYS_SEARCH_USER_PATHS = NO;
				CLANG_ANALYZER_NONNULL = YES;
				CLANG_ANALYZER_NUMBER_OBJECT_CONVERSION = YES_AGGRESSIVE;
				CLANG_CXX_LANGUAGE_STANDARD = "gnu++20";
				CLANG_ENABLE_MODULES = YES;
				CLANG_ENABLE_OBJC_ARC = YES;
				CLANG_ENABLE_OBJC_WEAK = YES;
				CLANG_WARN_BLOCK_CAPTURE_AUTORELEASING = YES;
				CLANG_WARN_BOOL_CONVERSION = YES;
				CLANG_WARN_COMMA = YES;
				CLANG_WARN_CONSTANT_CONVERSION = YES;
				CLANG_WARN_DEPRECATED_OBJC_IMPLEMENTATIONS = YES;
				CLANG_WARN_DIRECT_OBJC_ISA_USAGE = YES_ERROR;
				CLANG_WARN_DOCUMENTATION_COMMENTS = YES;
				CLANG_WARN_EMPTY_BODY = YES;
				CLANG_WARN_ENUM_CONVERSION = YES;
				CLANG_WARN_INFINITE_RECURSION = YES;
				CLANG_WARN_INT_CONVERSION = YES;
				CLANG_WARN_NON_LITERAL_NULL_CONVERSION = YES;
				CLANG_WARN_OBJC_IMPLICIT_RETAIN_SELF = YES;
				CLANG_WARN_OBJC_LITERAL_CONVERSION = YES;
				CLANG_WARN_OBJC_ROOT_CLASS = YES_ERROR;
				CLANG_WARN_QUOTED_INCLUDE_IN_FRAMEWORK_HEADER = YES;
				CLANG_WARN_RANGE_LOOP_ANALYSIS = YES;
				CLANG_WARN_STRICT_PROTOTYPES = YES;
				CLANG_WARN_SUSPICIOUS_MOVE = YES;
				CLANG_WARN_UNGUARDED_AVAILABILITY = YES_AGGRESSIVE;
				CLANG_WARN_UNREACHABLE_CODE = YES;
				CLANG_WARN__DUPLICATE_METHOD_MATCH = YES;
				COPY_PHASE_STRIP = NO;
				DEBUG_INFORMATION_FORMAT = dwarf;
				ENABLE_STRICT_OBJC_MSGSEND = YES;
				ENABLE_TESTABILITY = YES;
				GCC_C_LANGUAGE_STANDARD = gnu11;
				GCC_DYNAMIC_NO_PIC = NO;
				GCC_NO_COMMON_BLOCKS = YES;
				GCC_OPTIMIZATION_LEVEL = 0;
				GCC_PREPROCESSOR_DEFINITIONS = (
					"DEBUG=1",
					"$(inherited)",
				);
				GCC_WARN_64_TO_32_BIT_CONVERSION = YES;
				GCC_WARN_ABOUT_RETURN_TYPE = YES_ERROR;
				GCC_WARN_UNDECLARED_SELECTOR = YES;
				GCC_WARN_UNINITIALIZED_AUTOS = YES_AGGRESSIVE;
				GCC_WARN_UNUSED_FUNCTION = YES;
				GCC_WARN_UNUSED_VARIABLE = YES;
				IPHONEOS_DEPLOYMENT_TARGET = 15.0;
				MTL_ENABLE_DEBUG_INFO = INCLUDE_SOURCE;
				MTL_FAST_MATH = YES;
				ONLY_ACTIVE_ARCH = YES;
				SDKROOT = iphoneos;
				SWIFT_ACTIVE_COMPILATION_CONDITIONS = DEBUG;
				SWIFT_OPTIMIZATION_LEVEL = "-Onone";
			};
			name = Debug;
		};
		5636C80C28D53D44002A64CA /* Release */ = {
			isa = XCBuildConfiguration;
			buildSettings = {
				ALWAYS_SEARCH_USER_PATHS = NO;
				CLANG_ANALYZER_NONNULL = YES;
				CLANG_ANALYZER_NUMBER_OBJECT_CONVERSION = YES_AGGRESSIVE;
				CLANG_CXX_LANGUAGE_STANDARD = "gnu++20";
				CLANG_ENABLE_MODULES = YES;
				CLANG_ENABLE_OBJC_ARC = YES;
				CLANG_ENABLE_OBJC_WEAK = YES;
				CLANG_WARN_BLOCK_CAPTURE_AUTORELEASING = YES;
				CLANG_WARN_BOOL_CONVERSION = YES;
				CLANG_WARN_COMMA = YES;
				CLANG_WARN_CONSTANT_CONVERSION = YES;
				CLANG_WARN_DEPRECATED_OBJC_IMPLEMENTATIONS = YES;
				CLANG_WARN_DIRECT_OBJC_ISA_USAGE = YES_ERROR;
				CLANG_WARN_DOCUMENTATION_COMMENTS = YES;
				CLANG_WARN_EMPTY_BODY = YES;
				CLANG_WARN_ENUM_CONVERSION = YES;
				CLANG_WARN_INFINITE_RECURSION = YES;
				CLANG_WARN_INT_CONVERSION = YES;
				CLANG_WARN_NON_LITERAL_NULL_CONVERSION = YES;
				CLANG_WARN_OBJC_IMPLICIT_RETAIN_SELF = YES;
				CLANG_WARN_OBJC_LITERAL_CONVERSION = YES;
				CLANG_WARN_OBJC_ROOT_CLASS = YES_ERROR;
				CLANG_WARN_QUOTED_INCLUDE_IN_FRAMEWORK_HEADER = YES;
				CLANG_WARN_RANGE_LOOP_ANALYSIS = YES;
				CLANG_WARN_STRICT_PROTOTYPES = YES;
				CLANG_WARN_SUSPICIOUS_MOVE = YES;
				CLANG_WARN_UNGUARDED_AVAILABILITY = YES_AGGRESSIVE;
				CLANG_WARN_UNREACHABLE_CODE = YES;
				CLANG_WARN__DUPLICATE_METHOD_MATCH = YES;
				COPY_PHASE_STRIP = NO;
				DEBUG_INFORMATION_FORMAT = "dwarf-with-dsym";
				ENABLE_NS_ASSERTIONS = NO;
				ENABLE_STRICT_OBJC_MSGSEND = YES;
				GCC_C_LANGUAGE_STANDARD = gnu11;
				GCC_NO_COMMON_BLOCKS = YES;
				GCC_WARN_64_TO_32_BIT_CONVERSION = YES;
				GCC_WARN_ABOUT_RETURN_TYPE = YES_ERROR;
				GCC_WARN_UNDECLARED_SELECTOR = YES;
				GCC_WARN_UNINITIALIZED_AUTOS = YES_AGGRESSIVE;
				GCC_WARN_UNUSED_FUNCTION = YES;
				GCC_WARN_UNUSED_VARIABLE = YES;
				IPHONEOS_DEPLOYMENT_TARGET = 15.0;
				MTL_ENABLE_DEBUG_INFO = NO;
				MTL_FAST_MATH = YES;
				SDKROOT = iphoneos;
				SWIFT_COMPILATION_MODE = wholemodule;
				SWIFT_OPTIMIZATION_LEVEL = "-O";
				VALIDATE_PRODUCT = YES;
			};
			name = Release;
		};
		5636C80E28D53D44002A64CA /* Debug */ = {
			isa = XCBuildConfiguration;
			buildSettings = {
				ALWAYS_EMBED_SWIFT_STANDARD_LIBRARIES = YES;
				ASSETCATALOG_COMPILER_APPICON_NAME = AppIcon;
				ASSETCATALOG_COMPILER_GLOBAL_ACCENT_COLOR_NAME = AccentColor;
				CODE_SIGN_STYLE = Automatic;
				CURRENT_PROJECT_VERSION = 1;
				DEVELOPMENT_ASSET_PATHS = "\"Battery/Preview Content\"";
				DEVELOPMENT_TEAM = 358F964YVR;
				ENABLE_PREVIEWS = YES;
				GENERATE_INFOPLIST_FILE = YES;
				INFOPLIST_KEY_UIApplicationSceneManifest_Generation = YES;
				INFOPLIST_KEY_UIApplicationSupportsIndirectInputEvents = YES;
				INFOPLIST_KEY_UILaunchScreen_Generation = YES;
				INFOPLIST_KEY_UISupportedInterfaceOrientations_iPad = "UIInterfaceOrientationPortrait UIInterfaceOrientationPortraitUpsideDown UIInterfaceOrientationLandscapeLeft UIInterfaceOrientationLandscapeRight";
				INFOPLIST_KEY_UISupportedInterfaceOrientations_iPhone = "UIInterfaceOrientationPortrait UIInterfaceOrientationLandscapeLeft UIInterfaceOrientationLandscapeRight";
				LD_RUNPATH_SEARCH_PATHS = (
					"$(inherited)",
					"@executable_path/Frameworks",
				);
				MARKETING_VERSION = 1.0;
				PRODUCT_BUNDLE_IDENTIFIER = jp.yuupe.Battery;
				PRODUCT_NAME = "$(TARGET_NAME)";
				SWIFT_EMIT_LOC_STRINGS = YES;
				SWIFT_VERSION = 5.0;
				TARGETED_DEVICE_FAMILY = "1,2";
			};
			name = Debug;
		};
		5636C80F28D53D44002A64CA /* Release */ = {
			isa = XCBuildConfiguration;
			buildSettings = {
				ALWAYS_EMBED_SWIFT_STANDARD_LIBRARIES = YES;
				ASSETCATALOG_COMPILER_APPICON_NAME = AppIcon;
				ASSETCATALOG_COMPILER_GLOBAL_ACCENT_COLOR_NAME = AccentColor;
				CODE_SIGN_STYLE = Automatic;
				CURRENT_PROJECT_VERSION = 1;
				DEVELOPMENT_ASSET_PATHS = "\"Battery/Preview Content\"";
				DEVELOPMENT_TEAM = 358F964YVR;
				ENABLE_PREVIEWS = YES;
				GENERATE_INFOPLIST_FILE = YES;
				INFOPLIST_KEY_UIApplicationSceneManifest_Generation = YES;
				INFOPLIST_KEY_UIApplicationSupportsIndirectInputEvents = YES;
				INFOPLIST_KEY_UILaunchScreen_Generation = YES;
				INFOPLIST_KEY_UISupportedInterfaceOrientations_iPad = "UIInterfaceOrientationPortrait UIInterfaceOrientationPortraitUpsideDown UIInterfaceOrientationLandscapeLeft UIInterfaceOrientationLandscapeRight";
				INFOPLIST_KEY_UISupportedInterfaceOrientations_iPhone = "UIInterfaceOrientationPortrait UIInterfaceOrientationLandscapeLeft UIInterfaceOrientationLandscapeRight";
				LD_RUNPATH_SEARCH_PATHS = (
					"$(inherited)",
					"@executable_path/Frameworks",
				);
				MARKETING_VERSION = 1.0;
				PRODUCT_BUNDLE_IDENTIFIER = jp.yuupe.Battery;
				PRODUCT_NAME = "$(TARGET_NAME)";
				SWIFT_EMIT_LOC_STRINGS = YES;
				SWIFT_VERSION = 5.0;
				TARGETED_DEVICE_FAMILY = "1,2";
			};
			name = Release;
		};
		5636C82728D53E51002A64CA /* Debug */ = {
			isa = XCBuildConfiguration;
			buildSettings = {
				ASSETCATALOG_COMPILER_GLOBAL_ACCENT_COLOR_NAME = AccentColor;
				ASSETCATALOG_COMPILER_WIDGET_BACKGROUND_COLOR_NAME = WidgetBackground;
				CODE_SIGN_STYLE = Automatic;
				CURRENT_PROJECT_VERSION = 1;
				DEVELOPMENT_TEAM = 358F964YVR;
				GENERATE_INFOPLIST_FILE = YES;
				INFOPLIST_FILE = BatteryWidget/Info.plist;
				INFOPLIST_KEY_CFBundleDisplayName = BatteryWidget;
				INFOPLIST_KEY_NSHumanReadableCopyright = "";
				LD_RUNPATH_SEARCH_PATHS = (
					"$(inherited)",
					"@executable_path/Frameworks",
					"@executable_path/../../Frameworks",
				);
				MARKETING_VERSION = 1.0;
				PRODUCT_BUNDLE_IDENTIFIER = jp.yuupe.Battery.BatteryWidget;
				PRODUCT_NAME = "$(TARGET_NAME)";
				SKIP_INSTALL = YES;
				SWIFT_EMIT_LOC_STRINGS = YES;
				SWIFT_VERSION = 5.0;
				TARGETED_DEVICE_FAMILY = "1,2";
			};
			name = Debug;
		};
		5636C82828D53E51002A64CA /* Release */ = {
			isa = XCBuildConfiguration;
			buildSettings = {
				ASSETCATALOG_COMPILER_GLOBAL_ACCENT_COLOR_NAME = AccentColor;
				ASSETCATALOG_COMPILER_WIDGET_BACKGROUND_COLOR_NAME = WidgetBackground;
				CODE_SIGN_STYLE = Automatic;
				CURRENT_PROJECT_VERSION = 1;
				DEVELOPMENT_TEAM = 358F964YVR;
				GENERATE_INFOPLIST_FILE = YES;
				INFOPLIST_FILE = BatteryWidget/Info.plist;
				INFOPLIST_KEY_CFBundleDisplayName = BatteryWidget;
				INFOPLIST_KEY_NSHumanReadableCopyright = "";
				LD_RUNPATH_SEARCH_PATHS = (
					"$(inherited)",
					"@executable_path/Frameworks",
					"@executable_path/../../Frameworks",
				);
				MARKETING_VERSION = 1.0;
				PRODUCT_BUNDLE_IDENTIFIER = jp.yuupe.Battery.BatteryWidget;
				PRODUCT_NAME = "$(TARGET_NAME)";
				SKIP_INSTALL = YES;
				SWIFT_EMIT_LOC_STRINGS = YES;
				SWIFT_VERSION = 5.0;
				TARGETED_DEVICE_FAMILY = "1,2";
			};
			name = Release;
		};
/* End XCBuildConfiguration section */

/* Begin XCConfigurationList section */
		5636C7FA28D53D43002A64CA /* Build configuration list for PBXProject "Battery" */ = {
			isa = XCConfigurationList;
			buildConfigurations = (
				5636C80B28D53D44002A64CA /* Debug */,
				5636C80C28D53D44002A64CA /* Release */,
			);
			defaultConfigurationIsVisible = 0;
			defaultConfigurationName = Release;
		};
		5636C80D28D53D44002A64CA /* Build configuration list for PBXNativeTarget "Battery" */ = {
			isa = XCConfigurationList;
			buildConfigurations = (
				5636C80E28D53D44002A64CA /* Debug */,
				5636C80F28D53D44002A64CA /* Release */,
			);
			defaultConfigurationIsVisible = 0;
			defaultConfigurationName = Release;
		};
		5636C82628D53E51002A64CA /* Build configuration list for PBXNativeTarget "BatteryWidgetExtension" */ = {
			isa = XCConfigurationList;
			buildConfigurations = (
				5636C82728D53E51002A64CA /* Debug */,
				5636C82828D53E51002A64CA /* Release */,
			);
			defaultConfigurationIsVisible = 0;
			defaultConfigurationName = Release;
		};
/* End XCConfigurationList section */
	};
	rootObject = 5636C7F728D53D43002A64CA /* Project object */;
}
